// !$*UTF8*$!
{
	archiveVersion = 1;
	classes = {
	};
	objectVersion = 51;
	objects = {

/* Begin PBXBuildFile section */
		55032E7F1C25FABF008624CF /* ApiKey.swift in Sources */ = {isa = PBXBuildFile; fileRef = 55032E7E1C25FABF008624CF /* ApiKey.swift */; };
		55AA6A851C25F42E00D49926 /* AppDelegate.swift in Sources */ = {isa = PBXBuildFile; fileRef = 55AA6A841C25F42E00D49926 /* AppDelegate.swift */; };
		55AA6A871C25F42E00D49926 /* ViewController.swift in Sources */ = {isa = PBXBuildFile; fileRef = 55AA6A861C25F42E00D49926 /* ViewController.swift */; };
		55AA6A8A1C25F42E00D49926 /* Main.storyboard in Resources */ = {isa = PBXBuildFile; fileRef = 55AA6A881C25F42E00D49926 /* Main.storyboard */; };
		55AA6A8C1C25F42E00D49926 /* Assets.xcassets in Resources */ = {isa = PBXBuildFile; fileRef = 55AA6A8B1C25F42E00D49926 /* Assets.xcassets */; };
		55AA6A8F1C25F42E00D49926 /* LaunchScreen.storyboard in Resources */ = {isa = PBXBuildFile; fileRef = 55AA6A8D1C25F42E00D49926 /* LaunchScreen.storyboard */; };
		55AA6A941C25F42E00D49926 /* DCTrains WatchKit App.app in Embed Watch Content */ = {isa = PBXBuildFile; fileRef = 55AA6A931C25F42E00D49926 /* DCTrains WatchKit App.app */; };
		55AA6A9A1C25F42E00D49926 /* Interface.storyboard in Resources */ = {isa = PBXBuildFile; fileRef = 55AA6A981C25F42E00D49926 /* Interface.storyboard */; };
		55AA6A9C1C25F42E00D49926 /* Assets.xcassets in Resources */ = {isa = PBXBuildFile; fileRef = 55AA6A9B1C25F42E00D49926 /* Assets.xcassets */; };
		55AA6AA31C25F42E00D49926 /* DCTrains WatchKit Extension.appex in Embed App Extensions */ = {isa = PBXBuildFile; fileRef = 55AA6AA21C25F42E00D49926 /* DCTrains WatchKit Extension.appex */; settings = {ATTRIBUTES = (RemoveHeadersOnCopy, ); }; };
		55AA6AA81C25F42E00D49926 /* InterfaceController.swift in Sources */ = {isa = PBXBuildFile; fileRef = 55AA6AA71C25F42E00D49926 /* InterfaceController.swift */; };
		55AA6AAA1C25F42E00D49926 /* ExtensionDelegate.swift in Sources */ = {isa = PBXBuildFile; fileRef = 55AA6AA91C25F42E00D49926 /* ExtensionDelegate.swift */; };
		55AA6AAC1C25F42E00D49926 /* Assets.xcassets in Resources */ = {isa = PBXBuildFile; fileRef = 55AA6AAB1C25F42E00D49926 /* Assets.xcassets */; };
		55D752611EDF871E009C7F97 /* ComplicationController.swift in Sources */ = {isa = PBXBuildFile; fileRef = 55D752601EDF871E009C7F97 /* ComplicationController.swift */; };
		55D752691EE243D1009C7F97 /* gallery.ckcomplication in Resources */ = {isa = PBXBuildFile; fileRef = 55D752681EE243D1009C7F97 /* gallery.ckcomplication */; };
/* End PBXBuildFile section */

/* Begin PBXContainerItemProxy section */
		55AA6A951C25F42E00D49926 /* PBXContainerItemProxy */ = {
			isa = PBXContainerItemProxy;
			containerPortal = 55AA6A791C25F42E00D49926 /* Project object */;
			proxyType = 1;
			remoteGlobalIDString = 55AA6A921C25F42E00D49926;
			remoteInfo = "DCTrains WatchKit App";
		};
		55AA6AA41C25F42E00D49926 /* PBXContainerItemProxy */ = {
			isa = PBXContainerItemProxy;
			containerPortal = 55AA6A791C25F42E00D49926 /* Project object */;
			proxyType = 1;
			remoteGlobalIDString = 55AA6AA11C25F42E00D49926;
			remoteInfo = "DCTrains WatchKit Extension";
		};
/* End PBXContainerItemProxy section */

/* Begin PBXCopyFilesBuildPhase section */
		55AA6AB31C25F42E00D49926 /* Embed App Extensions */ = {
			isa = PBXCopyFilesBuildPhase;
			buildActionMask = 2147483647;
			dstPath = "";
			dstSubfolderSpec = 13;
			files = (
				55AA6AA31C25F42E00D49926 /* DCTrains WatchKit Extension.appex in Embed App Extensions */,
			);
			name = "Embed App Extensions";
			runOnlyForDeploymentPostprocessing = 0;
		};
		55AA6AB71C25F42E00D49926 /* Embed Watch Content */ = {
			isa = PBXCopyFilesBuildPhase;
			buildActionMask = 2147483647;
			dstPath = "$(CONTENTS_FOLDER_PATH)/Watch";
			dstSubfolderSpec = 16;
			files = (
				55AA6A941C25F42E00D49926 /* DCTrains WatchKit App.app in Embed Watch Content */,
			);
			name = "Embed Watch Content";
			runOnlyForDeploymentPostprocessing = 0;
		};
/* End PBXCopyFilesBuildPhase section */

/* Begin PBXFileReference section */
		55032E7E1C25FABF008624CF /* ApiKey.swift */ = {isa = PBXFileReference; fileEncoding = 4; lastKnownFileType = sourcecode.swift; path = ApiKey.swift; sourceTree = "<group>"; };
		55AA6A811C25F42E00D49926 /* DCTrains.app */ = {isa = PBXFileReference; explicitFileType = wrapper.application; includeInIndex = 0; path = DCTrains.app; sourceTree = BUILT_PRODUCTS_DIR; };
		55AA6A841C25F42E00D49926 /* AppDelegate.swift */ = {isa = PBXFileReference; lastKnownFileType = sourcecode.swift; path = AppDelegate.swift; sourceTree = "<group>"; };
		55AA6A861C25F42E00D49926 /* ViewController.swift */ = {isa = PBXFileReference; lastKnownFileType = sourcecode.swift; path = ViewController.swift; sourceTree = "<group>"; };
		55AA6A891C25F42E00D49926 /* Base */ = {isa = PBXFileReference; lastKnownFileType = file.storyboard; name = Base; path = Base.lproj/Main.storyboard; sourceTree = "<group>"; };
		55AA6A8B1C25F42E00D49926 /* Assets.xcassets */ = {isa = PBXFileReference; lastKnownFileType = folder.assetcatalog; path = Assets.xcassets; sourceTree = "<group>"; };
		55AA6A8E1C25F42E00D49926 /* Base */ = {isa = PBXFileReference; lastKnownFileType = file.storyboard; name = Base; path = Base.lproj/LaunchScreen.storyboard; sourceTree = "<group>"; };
		55AA6A901C25F42E00D49926 /* Info.plist */ = {isa = PBXFileReference; lastKnownFileType = text.plist.xml; path = Info.plist; sourceTree = "<group>"; };
		55AA6A931C25F42E00D49926 /* DCTrains WatchKit App.app */ = {isa = PBXFileReference; explicitFileType = wrapper.application; includeInIndex = 0; path = "DCTrains WatchKit App.app"; sourceTree = BUILT_PRODUCTS_DIR; };
		55AA6A991C25F42E00D49926 /* Base */ = {isa = PBXFileReference; lastKnownFileType = file.storyboard; name = Base; path = Base.lproj/Interface.storyboard; sourceTree = "<group>"; };
		55AA6A9B1C25F42E00D49926 /* Assets.xcassets */ = {isa = PBXFileReference; lastKnownFileType = folder.assetcatalog; path = Assets.xcassets; sourceTree = "<group>"; };
		55AA6A9D1C25F42E00D49926 /* Info.plist */ = {isa = PBXFileReference; lastKnownFileType = text.plist.xml; path = Info.plist; sourceTree = "<group>"; };
		55AA6AA21C25F42E00D49926 /* DCTrains WatchKit Extension.appex */ = {isa = PBXFileReference; explicitFileType = "wrapper.app-extension"; includeInIndex = 0; path = "DCTrains WatchKit Extension.appex"; sourceTree = BUILT_PRODUCTS_DIR; };
		55AA6AA71C25F42E00D49926 /* InterfaceController.swift */ = {isa = PBXFileReference; lastKnownFileType = sourcecode.swift; path = InterfaceController.swift; sourceTree = "<group>"; };
		55AA6AA91C25F42E00D49926 /* ExtensionDelegate.swift */ = {isa = PBXFileReference; lastKnownFileType = sourcecode.swift; path = ExtensionDelegate.swift; sourceTree = "<group>"; };
		55AA6AAB1C25F42E00D49926 /* Assets.xcassets */ = {isa = PBXFileReference; lastKnownFileType = folder.assetcatalog; path = Assets.xcassets; sourceTree = "<group>"; };
		55AA6AAD1C25F42E00D49926 /* Info.plist */ = {isa = PBXFileReference; lastKnownFileType = text.plist.xml; path = Info.plist; sourceTree = "<group>"; };
		55D752601EDF871E009C7F97 /* ComplicationController.swift */ = {isa = PBXFileReference; fileEncoding = 4; lastKnownFileType = sourcecode.swift; path = ComplicationController.swift; sourceTree = "<group>"; };
		55D752681EE243D1009C7F97 /* gallery.ckcomplication */ = {isa = PBXFileReference; lastKnownFileType = folder; path = gallery.ckcomplication; sourceTree = "<group>"; };
/* End PBXFileReference section */

/* Begin PBXFrameworksBuildPhase section */
		55AA6A7E1C25F42E00D49926 /* Frameworks */ = {
			isa = PBXFrameworksBuildPhase;
			buildActionMask = 2147483647;
			files = (
			);
			runOnlyForDeploymentPostprocessing = 0;
		};
		55AA6A9F1C25F42E00D49926 /* Frameworks */ = {
			isa = PBXFrameworksBuildPhase;
			buildActionMask = 2147483647;
			files = (
			);
			runOnlyForDeploymentPostprocessing = 0;
		};
/* End PBXFrameworksBuildPhase section */

/* Begin PBXGroup section */
		55AA6A781C25F42E00D49926 = {
			isa = PBXGroup;
			children = (
				55AA6A831C25F42E00D49926 /* DCTrains */,
				55AA6A971C25F42E00D49926 /* DCTrains WatchKit App */,
				55AA6AA61C25F42E00D49926 /* DCTrains WatchKit Extension */,
				55AA6A821C25F42E00D49926 /* Products */,
			);
			sourceTree = "<group>";
		};
		55AA6A821C25F42E00D49926 /* Products */ = {
			isa = PBXGroup;
			children = (
				55AA6A811C25F42E00D49926 /* DCTrains.app */,
				55AA6A931C25F42E00D49926 /* DCTrains WatchKit App.app */,
				55AA6AA21C25F42E00D49926 /* DCTrains WatchKit Extension.appex */,
			);
			name = Products;
			sourceTree = "<group>";
		};
		55AA6A831C25F42E00D49926 /* DCTrains */ = {
			isa = PBXGroup;
			children = (
				55D752681EE243D1009C7F97 /* gallery.ckcomplication */,
				55AA6A841C25F42E00D49926 /* AppDelegate.swift */,
				55AA6A861C25F42E00D49926 /* ViewController.swift */,
				55AA6A881C25F42E00D49926 /* Main.storyboard */,
				55AA6A8B1C25F42E00D49926 /* Assets.xcassets */,
				55AA6A8D1C25F42E00D49926 /* LaunchScreen.storyboard */,
				55AA6A901C25F42E00D49926 /* Info.plist */,
			);
			path = DCTrains;
			sourceTree = "<group>";
		};
		55AA6A971C25F42E00D49926 /* DCTrains WatchKit App */ = {
			isa = PBXGroup;
			children = (
				55AA6A981C25F42E00D49926 /* Interface.storyboard */,
				55AA6A9B1C25F42E00D49926 /* Assets.xcassets */,
				55AA6A9D1C25F42E00D49926 /* Info.plist */,
			);
			path = "DCTrains WatchKit App";
			sourceTree = "<group>";
		};
		55AA6AA61C25F42E00D49926 /* DCTrains WatchKit Extension */ = {
			isa = PBXGroup;
			children = (
				55D752601EDF871E009C7F97 /* ComplicationController.swift */,
				55AA6AA71C25F42E00D49926 /* InterfaceController.swift */,
				55AA6AA91C25F42E00D49926 /* ExtensionDelegate.swift */,
				55AA6AAB1C25F42E00D49926 /* Assets.xcassets */,
				55AA6AAD1C25F42E00D49926 /* Info.plist */,
				55032E7E1C25FABF008624CF /* ApiKey.swift */,
			);
			path = "DCTrains WatchKit Extension";
			sourceTree = "<group>";
		};
/* End PBXGroup section */

/* Begin PBXNativeTarget section */
		55AA6A801C25F42E00D49926 /* DCTrains */ = {
			isa = PBXNativeTarget;
			buildConfigurationList = 55AA6AB81C25F42E00D49926 /* Build configuration list for PBXNativeTarget "DCTrains" */;
			buildPhases = (
				55AA6A7D1C25F42E00D49926 /* Sources */,
				55AA6A7E1C25F42E00D49926 /* Frameworks */,
				55AA6A7F1C25F42E00D49926 /* Resources */,
				55AA6AB71C25F42E00D49926 /* Embed Watch Content */,
			);
			buildRules = (
			);
			dependencies = (
				55AA6A961C25F42E00D49926 /* PBXTargetDependency */,
			);
			name = DCTrains;
			productName = DCTrains;
			productReference = 55AA6A811C25F42E00D49926 /* DCTrains.app */;
			productType = "com.apple.product-type.application";
		};
		55AA6A921C25F42E00D49926 /* DCTrains WatchKit App */ = {
			isa = PBXNativeTarget;
			buildConfigurationList = 55AA6AB41C25F42E00D49926 /* Build configuration list for PBXNativeTarget "DCTrains WatchKit App" */;
			buildPhases = (
				55AA6A911C25F42E00D49926 /* Resources */,
				55AA6AB31C25F42E00D49926 /* Embed App Extensions */,
			);
			buildRules = (
			);
			dependencies = (
				55AA6AA51C25F42E00D49926 /* PBXTargetDependency */,
			);
			name = "DCTrains WatchKit App";
			productName = "DCTrains WatchKit App";
			productReference = 55AA6A931C25F42E00D49926 /* DCTrains WatchKit App.app */;
			productType = "com.apple.product-type.application.watchapp2";
		};
		55AA6AA11C25F42E00D49926 /* DCTrains WatchKit Extension */ = {
			isa = PBXNativeTarget;
			buildConfigurationList = 55AA6AB01C25F42E00D49926 /* Build configuration list for PBXNativeTarget "DCTrains WatchKit Extension" */;
			buildPhases = (
				55AA6A9E1C25F42E00D49926 /* Sources */,
				55AA6A9F1C25F42E00D49926 /* Frameworks */,
				55AA6AA01C25F42E00D49926 /* Resources */,
			);
			buildRules = (
			);
			dependencies = (
			);
			name = "DCTrains WatchKit Extension";
			productName = "DCTrains WatchKit Extension";
			productReference = 55AA6AA21C25F42E00D49926 /* DCTrains WatchKit Extension.appex */;
			productType = "com.apple.product-type.watchkit2-extension";
		};
/* End PBXNativeTarget section */

/* Begin PBXProject section */
		55AA6A791C25F42E00D49926 /* Project object */ = {
			isa = PBXProject;
			attributes = {
				LastSwiftUpdateCheck = 0720;
				LastUpgradeCheck = 1020;
				ORGANIZATIONNAME = "Peter Olsen";
				TargetAttributes = {
					55AA6A801C25F42E00D49926 = {
						CreatedOnToolsVersion = 7.2;
						DevelopmentTeam = X65NKP2EV4;
						LastSwiftMigration = 1020;
					};
					55AA6A921C25F42E00D49926 = {
						CreatedOnToolsVersion = 7.2;
						DevelopmentTeam = X65NKP2EV4;
						LastSwiftMigration = 0800;
					};
					55AA6AA11C25F42E00D49926 = {
						CreatedOnToolsVersion = 7.2;
						DevelopmentTeam = X65NKP2EV4;
						LastSwiftMigration = 1020;
					};
				};
			};
			buildConfigurationList = 55AA6A7C1C25F42E00D49926 /* Build configuration list for PBXProject "DCTrains" */;
			compatibilityVersion = "Xcode 10.0";
			developmentRegion = en;
			hasScannedForEncodings = 0;
			knownRegions = (
				en,
				Base,
			);
			mainGroup = 55AA6A781C25F42E00D49926;
			productRefGroup = 55AA6A821C25F42E00D49926 /* Products */;
			projectDirPath = "";
			projectRoot = "";
			targets = (
				55AA6A801C25F42E00D49926 /* DCTrains */,
				55AA6A921C25F42E00D49926 /* DCTrains WatchKit App */,
				55AA6AA11C25F42E00D49926 /* DCTrains WatchKit Extension */,
			);
		};
/* End PBXProject section */

/* Begin PBXResourcesBuildPhase section */
		55AA6A7F1C25F42E00D49926 /* Resources */ = {
			isa = PBXResourcesBuildPhase;
			buildActionMask = 2147483647;
			files = (
				55D752691EE243D1009C7F97 /* gallery.ckcomplication in Resources */,
				55AA6A8F1C25F42E00D49926 /* LaunchScreen.storyboard in Resources */,
				55AA6A8C1C25F42E00D49926 /* Assets.xcassets in Resources */,
				55AA6A8A1C25F42E00D49926 /* Main.storyboard in Resources */,
			);
			runOnlyForDeploymentPostprocessing = 0;
		};
		55AA6A911C25F42E00D49926 /* Resources */ = {
			isa = PBXResourcesBuildPhase;
			buildActionMask = 2147483647;
			files = (
				55AA6A9C1C25F42E00D49926 /* Assets.xcassets in Resources */,
				55AA6A9A1C25F42E00D49926 /* Interface.storyboard in Resources */,
			);
			runOnlyForDeploymentPostprocessing = 0;
		};
		55AA6AA01C25F42E00D49926 /* Resources */ = {
			isa = PBXResourcesBuildPhase;
			buildActionMask = 2147483647;
			files = (
				55AA6AAC1C25F42E00D49926 /* Assets.xcassets in Resources */,
			);
			runOnlyForDeploymentPostprocessing = 0;
		};
/* End PBXResourcesBuildPhase section */

/* Begin PBXSourcesBuildPhase section */
		55AA6A7D1C25F42E00D49926 /* Sources */ = {
			isa = PBXSourcesBuildPhase;
			buildActionMask = 2147483647;
			files = (
				55AA6A871C25F42E00D49926 /* ViewController.swift in Sources */,
				55AA6A851C25F42E00D49926 /* AppDelegate.swift in Sources */,
			);
			runOnlyForDeploymentPostprocessing = 0;
		};
		55AA6A9E1C25F42E00D49926 /* Sources */ = {
			isa = PBXSourcesBuildPhase;
			buildActionMask = 2147483647;
			files = (
				55AA6AAA1C25F42E00D49926 /* ExtensionDelegate.swift in Sources */,
				55D752611EDF871E009C7F97 /* ComplicationController.swift in Sources */,
				55032E7F1C25FABF008624CF /* ApiKey.swift in Sources */,
				55AA6AA81C25F42E00D49926 /* InterfaceController.swift in Sources */,
			);
			runOnlyForDeploymentPostprocessing = 0;
		};
/* End PBXSourcesBuildPhase section */

/* Begin PBXTargetDependency section */
		55AA6A961C25F42E00D49926 /* PBXTargetDependency */ = {
			isa = PBXTargetDependency;
			target = 55AA6A921C25F42E00D49926 /* DCTrains WatchKit App */;
			targetProxy = 55AA6A951C25F42E00D49926 /* PBXContainerItemProxy */;
		};
		55AA6AA51C25F42E00D49926 /* PBXTargetDependency */ = {
			isa = PBXTargetDependency;
			target = 55AA6AA11C25F42E00D49926 /* DCTrains WatchKit Extension */;
			targetProxy = 55AA6AA41C25F42E00D49926 /* PBXContainerItemProxy */;
		};
/* End PBXTargetDependency section */

/* Begin PBXVariantGroup section */
		55AA6A881C25F42E00D49926 /* Main.storyboard */ = {
			isa = PBXVariantGroup;
			children = (
				55AA6A891C25F42E00D49926 /* Base */,
			);
			name = Main.storyboard;
			sourceTree = "<group>";
		};
		55AA6A8D1C25F42E00D49926 /* LaunchScreen.storyboard */ = {
			isa = PBXVariantGroup;
			children = (
				55AA6A8E1C25F42E00D49926 /* Base */,
			);
			name = LaunchScreen.storyboard;
			sourceTree = "<group>";
		};
		55AA6A981C25F42E00D49926 /* Interface.storyboard */ = {
			isa = PBXVariantGroup;
			children = (
				55AA6A991C25F42E00D49926 /* Base */,
			);
			name = Interface.storyboard;
			path = "DCTrains WatchKit App";
			sourceTree = SOURCE_ROOT;
		};
/* End PBXVariantGroup section */

/* Begin XCBuildConfiguration section */
		55AA6AAE1C25F42E00D49926 /* Debug */ = {
			isa = XCBuildConfiguration;
			buildSettings = {
				ALWAYS_SEARCH_USER_PATHS = NO;
				CLANG_ANALYZER_LOCALIZABILITY_NONLOCALIZED = YES;
				CLANG_CXX_LANGUAGE_STANDARD = "gnu++0x";
				CLANG_CXX_LIBRARY = "libc++";
				CLANG_ENABLE_MODULES = YES;
				CLANG_ENABLE_OBJC_ARC = YES;
				CLANG_WARN_BLOCK_CAPTURE_AUTORELEASING = YES;
				CLANG_WARN_BOOL_CONVERSION = YES;
				CLANG_WARN_COMMA = YES;
				CLANG_WARN_CONSTANT_CONVERSION = YES;
				CLANG_WARN_DEPRECATED_OBJC_IMPLEMENTATIONS = YES;
				CLANG_WARN_DIRECT_OBJC_ISA_USAGE = YES_ERROR;
				CLANG_WARN_EMPTY_BODY = YES;
				CLANG_WARN_ENUM_CONVERSION = YES;
				CLANG_WARN_INFINITE_RECURSION = YES;
				CLANG_WARN_INT_CONVERSION = YES;
				CLANG_WARN_NON_LITERAL_NULL_CONVERSION = YES;
				CLANG_WARN_OBJC_IMPLICIT_RETAIN_SELF = YES;
				CLANG_WARN_OBJC_LITERAL_CONVERSION = YES;
				CLANG_WARN_OBJC_ROOT_CLASS = YES_ERROR;
				CLANG_WARN_RANGE_LOOP_ANALYSIS = YES;
				CLANG_WARN_STRICT_PROTOTYPES = YES;
				CLANG_WARN_SUSPICIOUS_MOVE = YES;
				CLANG_WARN_UNREACHABLE_CODE = YES;
				CLANG_WARN__DUPLICATE_METHOD_MATCH = YES;
				"CODE_SIGN_IDENTITY[sdk=iphoneos*]" = "iPhone Developer";
				COPY_PHASE_STRIP = NO;
				DEBUG_INFORMATION_FORMAT = dwarf;
				ENABLE_STRICT_OBJC_MSGSEND = YES;
				ENABLE_TESTABILITY = YES;
				GCC_C_LANGUAGE_STANDARD = gnu99;
				GCC_DYNAMIC_NO_PIC = NO;
				GCC_NO_COMMON_BLOCKS = YES;
				GCC_OPTIMIZATION_LEVEL = 0;
				GCC_PREPROCESSOR_DEFINITIONS = (
					"DEBUG=1",
					"$(inherited)",
				);
				GCC_WARN_64_TO_32_BIT_CONVERSION = YES;
				GCC_WARN_ABOUT_RETURN_TYPE = YES_ERROR;
				GCC_WARN_UNDECLARED_SELECTOR = YES;
				GCC_WARN_UNINITIALIZED_AUTOS = YES_AGGRESSIVE;
				GCC_WARN_UNUSED_FUNCTION = YES;
				GCC_WARN_UNUSED_VARIABLE = YES;
				IPHONEOS_DEPLOYMENT_TARGET = 13.0;
				MTL_ENABLE_DEBUG_INFO = YES;
				ONLY_ACTIVE_ARCH = YES;
				SDKROOT = iphoneos;
				SWIFT_OPTIMIZATION_LEVEL = "-Onone";
				SWIFT_VERSION = 5.0;
			};
			name = Debug;
		};
		55AA6AAF1C25F42E00D49926 /* Release */ = {
			isa = XCBuildConfiguration;
			buildSettings = {
				ALWAYS_SEARCH_USER_PATHS = NO;
				CLANG_ANALYZER_LOCALIZABILITY_NONLOCALIZED = YES;
				CLANG_CXX_LANGUAGE_STANDARD = "gnu++0x";
				CLANG_CXX_LIBRARY = "libc++";
				CLANG_ENABLE_MODULES = YES;
				CLANG_ENABLE_OBJC_ARC = YES;
				CLANG_WARN_BLOCK_CAPTURE_AUTORELEASING = YES;
				CLANG_WARN_BOOL_CONVERSION = YES;
				CLANG_WARN_COMMA = YES;
				CLANG_WARN_CONSTANT_CONVERSION = YES;
				CLANG_WARN_DEPRECATED_OBJC_IMPLEMENTATIONS = YES;
				CLANG_WARN_DIRECT_OBJC_ISA_USAGE = YES_ERROR;
				CLANG_WARN_EMPTY_BODY = YES;
				CLANG_WARN_ENUM_CONVERSION = YES;
				CLANG_WARN_INFINITE_RECURSION = YES;
				CLANG_WARN_INT_CONVERSION = YES;
				CLANG_WARN_NON_LITERAL_NULL_CONVERSION = YES;
				CLANG_WARN_OBJC_IMPLICIT_RETAIN_SELF = YES;
				CLANG_WARN_OBJC_LITERAL_CONVERSION = YES;
				CLANG_WARN_OBJC_ROOT_CLASS = YES_ERROR;
				CLANG_WARN_RANGE_LOOP_ANALYSIS = YES;
				CLANG_WARN_STRICT_PROTOTYPES = YES;
				CLANG_WARN_SUSPICIOUS_MOVE = YES;
				CLANG_WARN_UNREACHABLE_CODE = YES;
				CLANG_WARN__DUPLICATE_METHOD_MATCH = YES;
				"CODE_SIGN_IDENTITY[sdk=iphoneos*]" = "iPhone Developer";
				COPY_PHASE_STRIP = NO;
				DEBUG_INFORMATION_FORMAT = "dwarf-with-dsym";
				ENABLE_NS_ASSERTIONS = NO;
				ENABLE_STRICT_OBJC_MSGSEND = YES;
				GCC_C_LANGUAGE_STANDARD = gnu99;
				GCC_NO_COMMON_BLOCKS = YES;
				GCC_WARN_64_TO_32_BIT_CONVERSION = YES;
				GCC_WARN_ABOUT_RETURN_TYPE = YES_ERROR;
				GCC_WARN_UNDECLARED_SELECTOR = YES;
				GCC_WARN_UNINITIALIZED_AUTOS = YES_AGGRESSIVE;
				GCC_WARN_UNUSED_FUNCTION = YES;
				GCC_WARN_UNUSED_VARIABLE = YES;
				IPHONEOS_DEPLOYMENT_TARGET = 13.0;
				MTL_ENABLE_DEBUG_INFO = NO;
				SDKROOT = iphoneos;
				SWIFT_COMPILATION_MODE = wholemodule;
				SWIFT_OPTIMIZATION_LEVEL = "-O";
				SWIFT_VERSION = 5.0;
				VALIDATE_PRODUCT = YES;
			};
			name = Release;
		};
		55AA6AB11C25F42E00D49926 /* Debug */ = {
			isa = XCBuildConfiguration;
			buildSettings = {
				ASSETCATALOG_COMPILER_COMPLICATION_NAME = Complication;
				DEVELOPMENT_TEAM = X65NKP2EV4;
				INFOPLIST_FILE = "DCTrains WatchKit Extension/Info.plist";
				LD_RUNPATH_SEARCH_PATHS = (
					"$(inherited)",
					"@executable_path/Frameworks",
					"@executable_path/../../Frameworks",
				);
				PRODUCT_BUNDLE_IDENTIFIER = me.pto.DCTrains.watchkitapp.watchkitextension;
				PRODUCT_NAME = "${TARGET_NAME}";
				SDKROOT = watchos;
				SKIP_INSTALL = YES;
				SWIFT_VERSION = 5.0;
				TARGETED_DEVICE_FAMILY = 4;
				WATCHOS_DEPLOYMENT_TARGET = 5.0;
			};
			name = Debug;
		};
		55AA6AB21C25F42E00D49926 /* Release */ = {
			isa = XCBuildConfiguration;
			buildSettings = {
				ASSETCATALOG_COMPILER_COMPLICATION_NAME = Complication;
				DEVELOPMENT_TEAM = X65NKP2EV4;
				INFOPLIST_FILE = "DCTrains WatchKit Extension/Info.plist";
				LD_RUNPATH_SEARCH_PATHS = (
					"$(inherited)",
					"@executable_path/Frameworks",
					"@executable_path/../../Frameworks",
				);
				PRODUCT_BUNDLE_IDENTIFIER = me.pto.DCTrains.watchkitapp.watchkitextension;
				PRODUCT_NAME = "${TARGET_NAME}";
				SDKROOT = watchos;
				SKIP_INSTALL = YES;
				SWIFT_COMPILATION_MODE = wholemodule;
				SWIFT_OPTIMIZATION_LEVEL = "-O";
				SWIFT_VERSION = 5.0;
				TARGETED_DEVICE_FAMILY = 4;
				WATCHOS_DEPLOYMENT_TARGET = 5.0;
			};
			name = Release;
		};
		55AA6AB51C25F42E00D49926 /* Debug */ = {
			isa = XCBuildConfiguration;
			buildSettings = {
				ALWAYS_EMBED_SWIFT_STANDARD_LIBRARIES = YES;
				ASSETCATALOG_COMPILER_APPICON_NAME = AppIcon;
				DEVELOPMENT_TEAM = X65NKP2EV4;
				IBSC_MODULE = DCTrains_WatchKit_Extension;
				INFOPLIST_FILE = "DCTrains WatchKit App/Info.plist";
				PRODUCT_BUNDLE_IDENTIFIER = me.pto.DCTrains.watchkitapp;
				PRODUCT_NAME = "$(TARGET_NAME)";
				SDKROOT = watchos;
				SKIP_INSTALL = YES;
				SWIFT_VERSION = 3.0;
				TARGETED_DEVICE_FAMILY = 4;
				WATCHOS_DEPLOYMENT_TARGET = 5.0;
			};
			name = Debug;
		};
		55AA6AB61C25F42E00D49926 /* Release */ = {
			isa = XCBuildConfiguration;
			buildSettings = {
				ALWAYS_EMBED_SWIFT_STANDARD_LIBRARIES = YES;
				ASSETCATALOG_COMPILER_APPICON_NAME = AppIcon;
				DEVELOPMENT_TEAM = X65NKP2EV4;
				IBSC_MODULE = DCTrains_WatchKit_Extension;
				INFOPLIST_FILE = "DCTrains WatchKit App/Info.plist";
				PRODUCT_BUNDLE_IDENTIFIER = me.pto.DCTrains.watchkitapp;
				PRODUCT_NAME = "$(TARGET_NAME)";
				SDKROOT = watchos;
				SKIP_INSTALL = YES;
				SWIFT_VERSION = 3.0;
				TARGETED_DEVICE_FAMILY = 4;
				WATCHOS_DEPLOYMENT_TARGET = 5.0;
			};
			name = Release;
		};
		55AA6AB91C25F42E00D49926 /* Debug */ = {
			isa = XCBuildConfiguration;
			buildSettings = {
				ASSETCATALOG_COMPILER_APPICON_NAME = AppIcon;
				CODE_SIGN_IDENTITY = "iPhone Developer";
				DEVELOPMENT_TEAM = X65NKP2EV4;
				INFOPLIST_FILE = DCTrains/Info.plist;
				LD_RUNPATH_SEARCH_PATHS = (
					"$(inherited)",
					"@executable_path/Frameworks",
				);
				PRODUCT_BUNDLE_IDENTIFIER = me.pto.DCTrains;
				PRODUCT_NAME = "$(TARGET_NAME)";
				SWIFT_VERSION = 5.0;
			};
			name = Debug;
		};
		55AA6ABA1C25F42E00D49926 /* Release */ = {
			isa = XCBuildConfiguration;
			buildSettings = {
				ASSETCATALOG_COMPILER_APPICON_NAME = AppIcon;
				CODE_SIGN_IDENTITY = "iPhone Developer";
				DEVELOPMENT_TEAM = X65NKP2EV4;
				INFOPLIST_FILE = DCTrains/Info.plist;
				LD_RUNPATH_SEARCH_PATHS = (
					"$(inherited)",
					"@executable_path/Frameworks",
				);
				PRODUCT_BUNDLE_IDENTIFIER = me.pto.DCTrains;
				PRODUCT_NAME = "$(TARGET_NAME)";
				SWIFT_COMPILATION_MODE = wholemodule;
				SWIFT_OPTIMIZATION_LEVEL = "-O";
				SWIFT_VERSION = 5.0;
			};
			name = Release;
		};
/* End XCBuildConfiguration section */

/* Begin XCConfigurationList section */
		55AA6A7C1C25F42E00D49926 /* Build configuration list for PBXProject "DCTrains" */ = {
			isa = XCConfigurationList;
			buildConfigurations = (
				55AA6AAE1C25F42E00D49926 /* Debug */,
				55AA6AAF1C25F42E00D49926 /* Release */,
			);
			defaultConfigurationIsVisible = 0;
			defaultConfigurationName = Release;
		};
		55AA6AB01C25F42E00D49926 /* Build configuration list for PBXNativeTarget "DCTrains WatchKit Extension" */ = {
			isa = XCConfigurationList;
			buildConfigurations = (
				55AA6AB11C25F42E00D49926 /* Debug */,
				55AA6AB21C25F42E00D49926 /* Release */,
			);
			defaultConfigurationIsVisible = 0;
			defaultConfigurationName = Release;
		};
		55AA6AB41C25F42E00D49926 /* Build configuration list for PBXNativeTarget "DCTrains WatchKit App" */ = {
			isa = XCConfigurationList;
			buildConfigurations = (
				55AA6AB51C25F42E00D49926 /* Debug */,
				55AA6AB61C25F42E00D49926 /* Release */,
			);
			defaultConfigurationIsVisible = 0;
			defaultConfigurationName = Release;
		};
		55AA6AB81C25F42E00D49926 /* Build configuration list for PBXNativeTarget "DCTrains" */ = {
			isa = XCConfigurationList;
			buildConfigurations = (
				55AA6AB91C25F42E00D49926 /* Debug */,
				55AA6ABA1C25F42E00D49926 /* Release */,
			);
			defaultConfigurationIsVisible = 0;
			defaultConfigurationName = Release;
		};
/* End XCConfigurationList section */
	};
	rootObject = 55AA6A791C25F42E00D49926 /* Project object */;
}
